
Microsoft Visual Studio Solution File, Format Version 12.00
# Visual Studio Version 17
VisualStudioVersion = 17.1.32421.90
MinimumVisualStudioVersion = 10.0.40219.1
Project("{FAE04EC0-301F-11D3-BF4B-00C04F79EFBC}") = "ToDoBackend", "ToDoBackend\ToDoBackend.csproj", "{F68B876B-88C9-4D65-8ADE-D34A832C24B5}"
EndProject
Global
	GlobalSection(SolutionConfigurationPlatforms) = preSolution
		Debug|Any CPU = Debug|Any CPU
		Release|Any CPU = Release|Any CPU
	EndGlobalSection
	GlobalSection(ProjectConfigurationPlatforms) = postSolution
		{F68B876B-88C9-4D65-8ADE-D34A832C24B5}.Debug|Any CPU.ActiveCfg = Debug|Any CPU
		{F68B876B-88C9-4D65-8ADE-D34A832C24B5}.Debug|Any CPU.Build.0 = Debug|Any CPU
		{F68B876B-88C9-4D65-8ADE-D34A832C24B5}.Release|Any CPU.ActiveCfg = Release|Any CPU
		{F68B876B-88C9-4D65-8ADE-D34A832C24B5}.Release|Any CPU.Build.0 = Release|Any CPU
	EndGlobalSection
	GlobalSection(SolutionProperties) = preSolution
		HideSolutionNode = FALSE
	EndGlobalSection
	GlobalSection(ExtensibilityGlobals) = postSolution
		SolutionGuid = {77518DEC-9D57-4857-A79A-E1F06EA2765B}
	EndGlobalSection
EndGlobal
